
Microsoft Visual Studio Solution File, Format Version 12.00
# Visual Studio 15
VisualStudioVersion = 15.0.27130.2010
MinimumVisualStudioVersion = 10.0.40219.1
Project("{FAE04EC0-301F-11D3-BF4B-00C04F79EFBC}") = "SwaggerDriver", "SwaggerDriver\SwaggerDriver.csproj", "{A9EDDB52-563A-46BF-A0BD-AC4D9FC3E8FC}"
EndProject
Global
	GlobalSection(SolutionConfigurationPlatforms) = preSolution
		Debug|Any CPU = Debug|Any CPU
		Release|Any CPU = Release|Any CPU
	EndGlobalSection
	GlobalSection(ProjectConfigurationPlatforms) = postSolution
		{A9EDDB52-563A-46BF-A0BD-AC4D9FC3E8FC}.Debug|Any CPU.ActiveCfg = Debug|Any CPU
		{A9EDDB52-563A-46BF-A0BD-AC4D9FC3E8FC}.Debug|Any CPU.Build.0 = Debug|Any CPU
		{A9EDDB52-563A-46BF-A0BD-AC4D9FC3E8FC}.Release|Any CPU.ActiveCfg = Release|Any CPU
		{A9EDDB52-563A-46BF-A0BD-AC4D9FC3E8FC}.Release|Any CPU.Build.0 = Release|Any CPU
	EndGlobalSection
	GlobalSection(SolutionProperties) = preSolution
		HideSolutionNode = FALSE
	EndGlobalSection
	GlobalSection(ExtensibilityGlobals) = postSolution
		SolutionGuid = {7B696620-22D9-4863-91FF-42C0F98E1377}
	EndGlobalSection
EndGlobal
